{
  "name": "lead-dashboard",
  "lockfileVersion": 3,
  "requires": true,
  "packages": {
    "": {
      "dependencies": {
        "framer-motion": "^12.26.1",
        "next-themes": "^0.4.6",
        "react-intersection-observer": "^10.0.0"
      }
    },
    "node_modules/framer-motion": {
      "version": "12.26.1",
      "resolved": "https://registry.npmjs.org/framer-motion/-/framer-motion-12.26.1.tgz",
      "integrity": "sha512-Uzc8wGldU4FpmGotthjjcj0SZhigcODjqvKT7lzVZHsmYkzQMFfMIv0vHQoXCeoe/Ahxqp4by4A6QbzFA/lblw==",
      "license": "MIT",
      "dependencies": {
        "motion-dom": "^12.24.11",
        "motion-utils": "^12.24.10",
        "tslib": "^2.4.0"
      },
      "peerDependencies": {
        "@emotion/is-prop-valid": "*",
        "react": "^18.0.0 || ^19.0.0",
        "react-dom": "^18.0.0 || ^19.0.0"
      },
      "peerDependenciesMeta": {
        "@emotion/is-prop-valid": {
          "optional": true
        },
        "react": {
          "optional": true
        },
        "react-dom": {
          "optional": true
        }
      }
    },
    "node_modules/motion-dom": {
      "version": "12.24.11",
      "resolved": "https://registry.npmjs.org/motion-dom/-/motion-dom-12.24.11.tgz",
      "integrity": "sha512-DlWOmsXMJrV8lzZyd+LKjG2CXULUs++bkq8GZ2Sr0R0RRhs30K2wtY+LKiTjhmJU3W61HK+rB0GLz6XmPvTA1A==",
      "license": "MIT",
      "dependencies": {
        "motion-utils": "^12.24.10"
      }
    },
    "node_modules/motion-utils": {
      "version": "12.24.10",
      "resolved": "https://registry.npmjs.org/motion-utils/-/motion-utils-12.24.10.tgz",
      "integrity": "sha512-x5TFgkCIP4pPsRLpKoI86jv/q8t8FQOiM/0E8QKBzfMozWHfkKap2gA1hOki+B5g3IsBNpxbUnfOum1+dgvYww==",
      "license": "MIT"
    },
    "node_modules/next-themes": {
      "version": "0.4.6",
      "resolved": "https://registry.npmjs.org/next-themes/-/next-themes-0.4.6.tgz",
      "integrity": "sha512-pZvgD5L0IEvX5/9GWyHMf3m8BKiVQwsCMHfoFosXtXBMnaS0ZnIJ9ST4b4NqLVKDEm8QBxoNNGNaBv2JNF6XNA==",
      "license": "MIT",
      "peerDependencies": {
        "react": "^16.8 || ^17 || ^18 || ^19 || ^19.0.0-rc",
        "react-dom": "^16.8 || ^17 || ^18 || ^19 || ^19.0.0-rc"
      }
    },
    "node_modules/react": {
      "version": "19.2.3",
      "resolved": "https://registry.npmjs.org/react/-/react-19.2.3.tgz",
      "integrity": "sha512-Ku/hhYbVjOQnXDZFv2+RibmLFGwFdeeKHFcOTlrt7xplBnya5OGn/hIRDsqDiSUcfORsDC7MPxwork8jBwsIWA==",
      "license": "MIT",
      "peer": true,
      "engines": {
        "node": ">=0.10.0"
      }
    },
    "node_modules/react-dom": {
      "version": "19.2.3",
      "resolved": "https://registry.npmjs.org/react-dom/-/react-dom-19.2.3.tgz",
      "integrity": "sha512-yELu4WmLPw5Mr/lmeEpox5rw3RETacE++JgHqQzd2dg+YbJuat3jH4ingc+WPZhxaoFzdv9y33G+F7Nl5O0GBg==",
      "license": "MIT",
      "peer": true,
      "dependencies": {
        "scheduler": "^0.27.0"
      },
      "peerDependencies": {
        "react": "^19.2.3"
      }
    },
    "node_modules/react-intersection-observer": {
      "version": "10.0.0",
      "resolved": "https://registry.npmjs.org/react-intersection-observer/-/react-intersection-observer-10.0.0.tgz",
      "integrity": "sha512-JJRgcnFQoVXmbE5+GXr1OS1NDD1gHk0HyfpLcRf0575IbJz+io8yzs4mWVlfaqOQq1FiVjLvuYAdEEcrrCfveg==",
      "license": "MIT",
      "peerDependencies": {
        "react": "^17.0.0 || ^18.0.0 || ^19.0.0",
        "react-dom": "^17.0.0 || ^18.0.0 || ^19.0.0"
      },
      "peerDependenciesMeta": {
        "react-dom": {
          "optional": true
        }
      }
    },
    "node_modules/scheduler": {
      "version": "0.27.0",
      "resolved": "https://registry.npmjs.org/scheduler/-/scheduler-0.27.0.tgz",
      "integrity": "sha512-eNv+WrVbKu1f3vbYJT/xtiF5syA5HPIMtf9IgY/nKg0sWqzAUEvqY/xm7OcZc/qafLx/iO9FgOmeSAp4v5ti/Q==",
      "license": "MIT"
    },
    "node_modules/tslib": {
      "version": "2.8.1",
      "resolved": "https://registry.npmjs.org/tslib/-/tslib-2.8.1.tgz",
      "integrity": "sha512-oJFu94HQb+KVduSUQL7wnpmqnfmLsOA/nAh6b6EH0wCEoK0/mPeXU6c3wKDV83MkOuHPRHtSXKKU99IBazS/2w==",
      "license": "0BSD"
    }
  }
}
